
Microsoft Visual Studio Solution File, Format Version 12.00
# Visual Studio Version 16
VisualStudioVersion = 16.0.31112.23
MinimumVisualStudioVersion = 15.0.26124.0
Project("{2150E333-8FDC-42A3-9474-1A3956D46DE8}") = "Chapter-1", "Chapter-1", "{977C862A-5E22-4362-A6D3-9893629FDC13}"
EndProject
Project("{9A19103F-16F7-4668-BE54-9A1E7A4F7556}") = "Part-01", "Chapter-1\Part-01\Part-01.csproj", "{9A1FE8CC-6883-4402-844C-C0C2D5CFB7FC}"
EndProject
Project("{9A19103F-16F7-4668-BE54-9A1E7A4F7556}") = "Part-03", "Chapter-1\Part-03\Part-03.csproj", "{224F0B3C-B96D-4C9E-B495-1357D68E2F08}"
EndProject
Project("{9A19103F-16F7-4668-BE54-9A1E7A4F7556}") = "Part-04", "Chapter-1\Part-04\Part-04.csproj", "{9BFC387E-5CC5-40B9-BEF4-749072853401}"
EndProject
Project("{9A19103F-16F7-4668-BE54-9A1E7A4F7556}") = "Part-05", "Chapter-1\Part-05\Part-05.csproj", "{F8CC05BF-F718-4AB4-9DFA-FE45E6B4A59D}"
EndProject
Project("{9A19103F-16F7-4668-BE54-9A1E7A4F7556}") = "Part-06", "Chapter-1\Part-06\Part-06.csproj", "{14247591-2883-46C6-B85E-C50724FA1CF8}"
EndProject
Project("{FAE04EC0-301F-11D3-BF4B-00C04F79EFBC}") = "Part-07", "Chapter-1\Part-07\Part-07.csproj", "{EE84AB03-1E29-4EFE-B9E8-C0E68B2EBB7E}"
EndProject
Project("{FAE04EC0-301F-11D3-BF4B-00C04F79EFBC}") = "Part-08", "Chapter-1\Part-08\Part-08.csproj", "{BDA7B880-34F0-4FC3-8C8D-E11CEA6676E8}"
EndProject
Project("{FAE04EC0-301F-11D3-BF4B-00C04F79EFBC}") = "Part-02", "Chapter-1\Part-02\Part-02.csproj", "{A190AC76-E462-4427-8BAA-A7526443D783}"
EndProject
Global
	GlobalSection(SolutionConfigurationPlatforms) = preSolution
		Debug|Any CPU = Debug|Any CPU
		Debug|x64 = Debug|x64
		Debug|x86 = Debug|x86
		Release|Any CPU = Release|Any CPU
		Release|x64 = Release|x64
		Release|x86 = Release|x86
	EndGlobalSection
	GlobalSection(ProjectConfigurationPlatforms) = postSolution
		{9A1FE8CC-6883-4402-844C-C0C2D5CFB7FC}.Debug|Any CPU.ActiveCfg = Debug|Any CPU
		{9A1FE8CC-6883-4402-844C-C0C2D5CFB7FC}.Debug|Any CPU.Build.0 = Debug|Any CPU
		{9A1FE8CC-6883-4402-844C-C0C2D5CFB7FC}.Debug|x64.ActiveCfg = Debug|Any CPU
		{9A1FE8CC-6883-4402-844C-C0C2D5CFB7FC}.Debug|x64.Build.0 = Debug|Any CPU
		{9A1FE8CC-6883-4402-844C-C0C2D5CFB7FC}.Debug|x86.ActiveCfg = Debug|Any CPU
		{9A1FE8CC-6883-4402-844C-C0C2D5CFB7FC}.Debug|x86.Build.0 = Debug|Any CPU
		{9A1FE8CC-6883-4402-844C-C0C2D5CFB7FC}.Release|Any CPU.ActiveCfg = Release|Any CPU
		{9A1FE8CC-6883-4402-844C-C0C2D5CFB7FC}.Release|Any CPU.Build.0 = Release|Any CPU
		{9A1FE8CC-6883-4402-844C-C0C2D5CFB7FC}.Release|x64.ActiveCfg = Release|Any CPU
		{9A1FE8CC-6883-4402-844C-C0C2D5CFB7FC}.Release|x64.Build.0 = Release|Any CPU
		{9A1FE8CC-6883-4402-844C-C0C2D5CFB7FC}.Release|x86.ActiveCfg = Release|Any CPU
		{9A1FE8CC-6883-4402-844C-C0C2D5CFB7FC}.Release|x86.Build.0 = Release|Any CPU
		{224F0B3C-B96D-4C9E-B495-1357D68E2F08}.Debug|Any CPU.ActiveCfg = Debug|Any CPU
		{224F0B3C-B96D-4C9E-B495-1357D68E2F08}.Debug|Any CPU.Build.0 = Debug|Any CPU
		{224F0B3C-B96D-4C9E-B495-1357D68E2F08}.Debug|x64.ActiveCfg = Debug|Any CPU
		{224F0B3C-B96D-4C9E-B495-1357D68E2F08}.Debug|x64.Build.0 = Debug|Any CPU
		{224F0B3C-B96D-4C9E-B495-1357D68E2F08}.Debug|x86.ActiveCfg = Debug|Any CPU
		{224F0B3C-B96D-4C9E-B495-1357D68E2F08}.Debug|x86.Build.0 = Debug|Any CPU
		{224F0B3C-B96D-4C9E-B495-1357D68E2F08}.Release|Any CPU.ActiveCfg = Release|Any CPU
		{224F0B3C-B96D-4C9E-B495-1357D68E2F08}.Release|Any CPU.Build.0 = Release|Any CPU
		{224F0B3C-B96D-4C9E-B495-1357D68E2F08}.Release|x64.ActiveCfg = Release|Any CPU
		{224F0B3C-B96D-4C9E-B495-1357D68E2F08}.Release|x64.Build.0 = Release|Any CPU
		{224F0B3C-B96D-4C9E-B495-1357D68E2F08}.Release|x86.ActiveCfg = Release|Any CPU
		{224F0B3C-B96D-4C9E-B495-1357D68E2F08}.Release|x86.Build.0 = Release|Any CPU
		{9BFC387E-5CC5-40B9-BEF4-749072853401}.Debug|Any CPU.ActiveCfg = Debug|Any CPU
		{9BFC387E-5CC5-40B9-BEF4-749072853401}.Debug|Any CPU.Build.0 = Debug|Any CPU
		{9BFC387E-5CC5-40B9-BEF4-749072853401}.Debug|x64.ActiveCfg = Debug|Any CPU
		{9BFC387E-5CC5-40B9-BEF4-749072853401}.Debug|x64.Build.0 = Debug|Any CPU
		{9BFC387E-5CC5-40B9-BEF4-749072853401}.Debug|x86.ActiveCfg = Debug|Any CPU
		{9BFC387E-5CC5-40B9-BEF4-749072853401}.Debug|x86.Build.0 = Debug|Any CPU
		{9BFC387E-5CC5-40B9-BEF4-749072853401}.Release|Any CPU.ActiveCfg = Release|Any CPU
		{9BFC387E-5CC5-40B9-BEF4-749072853401}.Release|Any CPU.Build.0 = Release|Any CPU
		{9BFC387E-5CC5-40B9-BEF4-749072853401}.Release|x64.ActiveCfg = Release|Any CPU
		{9BFC387E-5CC5-40B9-BEF4-749072853401}.Release|x64.Build.0 = Release|Any CPU
		{9BFC387E-5CC5-40B9-BEF4-749072853401}.Release|x86.ActiveCfg = Release|Any CPU
		{9BFC387E-5CC5-40B9-BEF4-749072853401}.Release|x86.Build.0 = Release|Any CPU
		{F8CC05BF-F718-4AB4-9DFA-FE45E6B4A59D}.Debug|Any CPU.ActiveCfg = Debug|Any CPU
		{F8CC05BF-F718-4AB4-9DFA-FE45E6B4A59D}.Debug|Any CPU.Build.0 = Debug|Any CPU
		{F8CC05BF-F718-4AB4-9DFA-FE45E6B4A59D}.Debug|x64.ActiveCfg = Debug|Any CPU
		{F8CC05BF-F718-4AB4-9DFA-FE45E6B4A59D}.Debug|x64.Build.0 = Debug|Any CPU
		{F8CC05BF-F718-4AB4-9DFA-FE45E6B4A59D}.Debug|x86.ActiveCfg = Debug|Any CPU
		{F8CC05BF-F718-4AB4-9DFA-FE45E6B4A59D}.Debug|x86.Build.0 = Debug|Any CPU
		{F8CC05BF-F718-4AB4-9DFA-FE45E6B4A59D}.Release|Any CPU.ActiveCfg = Release|Any CPU
		{F8CC05BF-F718-4AB4-9DFA-FE45E6B4A59D}.Release|Any CPU.Build.0 = Release|Any CPU
		{F8CC05BF-F718-4AB4-9DFA-FE45E6B4A59D}.Release|x64.ActiveCfg = Release|Any CPU
		{F8CC05BF-F718-4AB4-9DFA-FE45E6B4A59D}.Release|x64.Build.0 = Release|Any CPU
		{F8CC05BF-F718-4AB4-9DFA-FE45E6B4A59D}.Release|x86.ActiveCfg = Release|Any CPU
		{F8CC05BF-F718-4AB4-9DFA-FE45E6B4A59D}.Release|x86.Build.0 = Release|Any CPU
		{14247591-2883-46C6-B85E-C50724FA1CF8}.Debug|Any CPU.ActiveCfg = Debug|Any CPU
		{14247591-2883-46C6-B85E-C50724FA1CF8}.Debug|Any CPU.Build.0 = Debug|Any CPU
		{14247591-2883-46C6-B85E-C50724FA1CF8}.Debug|x64.ActiveCfg = Debug|Any CPU
		{14247591-2883-46C6-B85E-C50724FA1CF8}.Debug|x64.Build.0 = Debug|Any CPU
		{14247591-2883-46C6-B85E-C50724FA1CF8}.Debug|x86.ActiveCfg = Debug|Any CPU
		{14247591-2883-46C6-B85E-C50724FA1CF8}.Debug|x86.Build.0 = Debug|Any CPU
		{14247591-2883-46C6-B85E-C50724FA1CF8}.Release|Any CPU.ActiveCfg = Release|Any CPU
		{14247591-2883-46C6-B85E-C50724FA1CF8}.Release|Any CPU.Build.0 = Release|Any CPU
		{14247591-2883-46C6-B85E-C50724FA1CF8}.Release|x64.ActiveCfg = Release|Any CPU
		{14247591-2883-46C6-B85E-C50724FA1CF8}.Release|x64.Build.0 = Release|Any CPU
		{14247591-2883-46C6-B85E-C50724FA1CF8}.Release|x86.ActiveCfg = Release|Any CPU
		{14247591-2883-46C6-B85E-C50724FA1CF8}.Release|x86.Build.0 = Release|Any CPU
		{EE84AB03-1E29-4EFE-B9E8-C0E68B2EBB7E}.Debug|Any CPU.ActiveCfg = Debug|Any CPU
		{EE84AB03-1E29-4EFE-B9E8-C0E68B2EBB7E}.Debug|Any CPU.Build.0 = Debug|Any CPU
		{EE84AB03-1E29-4EFE-B9E8-C0E68B2EBB7E}.Debug|x64.ActiveCfg = Debug|Any CPU
		{EE84AB03-1E29-4EFE-B9E8-C0E68B2EBB7E}.Debug|x64.Build.0 = Debug|Any CPU
		{EE84AB03-1E29-4EFE-B9E8-C0E68B2EBB7E}.Debug|x86.ActiveCfg = Debug|Any CPU
		{EE84AB03-1E29-4EFE-B9E8-C0E68B2EBB7E}.Debug|x86.Build.0 = Debug|Any CPU
		{EE84AB03-1E29-4EFE-B9E8-C0E68B2EBB7E}.Release|Any CPU.ActiveCfg = Release|Any CPU
		{EE84AB03-1E29-4EFE-B9E8-C0E68B2EBB7E}.Release|Any CPU.Build.0 = Release|Any CPU
		{EE84AB03-1E29-4EFE-B9E8-C0E68B2EBB7E}.Release|x64.ActiveCfg = Release|Any CPU
		{EE84AB03-1E29-4EFE-B9E8-C0E68B2EBB7E}.Release|x64.Build.0 = Release|Any CPU
		{EE84AB03-1E29-4EFE-B9E8-C0E68B2EBB7E}.Release|x86.ActiveCfg = Release|Any CPU
		{EE84AB03-1E29-4EFE-B9E8-C0E68B2EBB7E}.Release|x86.Build.0 = Release|Any CPU
		{BDA7B880-34F0-4FC3-8C8D-E11CEA6676E8}.Debug|Any CPU.ActiveCfg = Debug|Any CPU
		{BDA7B880-34F0-4FC3-8C8D-E11CEA6676E8}.Debug|Any CPU.Build.0 = Debug|Any CPU
		{BDA7B880-34F0-4FC3-8C8D-E11CEA6676E8}.Debug|x64.ActiveCfg = Debug|Any CPU
		{BDA7B880-34F0-4FC3-8C8D-E11CEA6676E8}.Debug|x64.Build.0 = Debug|Any CPU
		{BDA7B880-34F0-4FC3-8C8D-E11CEA6676E8}.Debug|x86.ActiveCfg = Debug|Any CPU
		{BDA7B880-34F0-4FC3-8C8D-E11CEA6676E8}.Debug|x86.Build.0 = Debug|Any CPU
		{BDA7B880-34F0-4FC3-8C8D-E11CEA6676E8}.Release|Any CPU.ActiveCfg = Release|Any CPU
		{BDA7B880-34F0-4FC3-8C8D-E11CEA6676E8}.Release|Any CPU.Build.0 = Release|Any CPU
		{BDA7B880-34F0-4FC3-8C8D-E11CEA6676E8}.Release|x64.ActiveCfg = Release|Any CPU
		{BDA7B880-34F0-4FC3-8C8D-E11CEA6676E8}.Release|x64.Build.0 = Release|Any CPU
		{BDA7B880-34F0-4FC3-8C8D-E11CEA6676E8}.Release|x86.ActiveCfg = Release|Any CPU
		{BDA7B880-34F0-4FC3-8C8D-E11CEA6676E8}.Release|x86.Build.0 = Release|Any CPU
		{A190AC76-E462-4427-8BAA-A7526443D783}.Debug|Any CPU.ActiveCfg = Debug|Any CPU
		{A190AC76-E462-4427-8BAA-A7526443D783}.Debug|Any CPU.Build.0 = Debug|Any CPU
		{A190AC76-E462-4427-8BAA-A7526443D783}.Debug|x64.ActiveCfg = Debug|Any CPU
		{A190AC76-E462-4427-8BAA-A7526443D783}.Debug|x64.Build.0 = Debug|Any CPU
		{A190AC76-E462-4427-8BAA-A7526443D783}.Debug|x86.ActiveCfg = Debug|Any CPU
		{A190AC76-E462-4427-8BAA-A7526443D783}.Debug|x86.Build.0 = Debug|Any CPU
		{A190AC76-E462-4427-8BAA-A7526443D783}.Release|Any CPU.ActiveCfg = Release|Any CPU
		{A190AC76-E462-4427-8BAA-A7526443D783}.Release|Any CPU.Build.0 = Release|Any CPU
		{A190AC76-E462-4427-8BAA-A7526443D783}.Release|x64.ActiveCfg = Release|Any CPU
		{A190AC76-E462-4427-8BAA-A7526443D783}.Release|x64.Build.0 = Release|Any CPU
		{A190AC76-E462-4427-8BAA-A7526443D783}.Release|x86.ActiveCfg = Release|Any CPU
		{A190AC76-E462-4427-8BAA-A7526443D783}.Release|x86.Build.0 = Release|Any CPU
	EndGlobalSection
	GlobalSection(SolutionProperties) = preSolution
		HideSolutionNode = FALSE
	EndGlobalSection
	GlobalSection(NestedProjects) = preSolution
		{9A1FE8CC-6883-4402-844C-C0C2D5CFB7FC} = {977C862A-5E22-4362-A6D3-9893629FDC13}
		{224F0B3C-B96D-4C9E-B495-1357D68E2F08} = {977C862A-5E22-4362-A6D3-9893629FDC13}
		{9BFC387E-5CC5-40B9-BEF4-749072853401} = {977C862A-5E22-4362-A6D3-9893629FDC13}
		{F8CC05BF-F718-4AB4-9DFA-FE45E6B4A59D} = {977C862A-5E22-4362-A6D3-9893629FDC13}
		{14247591-2883-46C6-B85E-C50724FA1CF8} = {977C862A-5E22-4362-A6D3-9893629FDC13}
		{EE84AB03-1E29-4EFE-B9E8-C0E68B2EBB7E} = {977C862A-5E22-4362-A6D3-9893629FDC13}
		{BDA7B880-34F0-4FC3-8C8D-E11CEA6676E8} = {977C862A-5E22-4362-A6D3-9893629FDC13}
		{A190AC76-E462-4427-8BAA-A7526443D783} = {977C862A-5E22-4362-A6D3-9893629FDC13}
	EndGlobalSection
	GlobalSection(ExtensibilityGlobals) = postSolution
		SolutionGuid = {1FF57F42-EE62-484D-95B4-37212E845940}
	EndGlobalSection
EndGlobal
